
Microsoft Visual Studio Solution File, Format Version 12.00
# Visual Studio Version 16
VisualStudioVersion = 16.0.30204.135
MinimumVisualStudioVersion = 10.0.40219.1
Project("{FAE04EC0-301F-11D3-BF4B-00C04F79EFBC}") = "ups", "ups\ups.csproj", "{94D024BC-8761-46C4-A010-4B10B812EE18}"
EndProject
Global
	GlobalSection(SolutionConfigurationPlatforms) = preSolution
		Debug|Any CPU = Debug|Any CPU
		Release|Any CPU = Release|Any CPU
	EndGlobalSection
	GlobalSection(ProjectConfigurationPlatforms) = postSolution
		{94D024BC-8761-46C4-A010-4B10B812EE18}.Debug|Any CPU.ActiveCfg = Debug|Any CPU
		{94D024BC-8761-46C4-A010-4B10B812EE18}.Debug|Any CPU.Build.0 = Debug|Any CPU
		{94D024BC-8761-46C4-A010-4B10B812EE18}.Release|Any CPU.ActiveCfg = Release|Any CPU
		{94D024BC-8761-46C4-A010-4B10B812EE18}.Release|Any CPU.Build.0 = Release|Any CPU
	EndGlobalSection
	GlobalSection(SolutionProperties) = preSolution
		HideSolutionNode = FALSE
	EndGlobalSection
	GlobalSection(ExtensibilityGlobals) = postSolution
		SolutionGuid = {F9867D5B-4854-4372-8478-AB7C87D8FECF}
	EndGlobalSection
EndGlobal
